
Microsoft Visual Studio Solution File, Format Version 12.00
# Visual Studio Version 17
VisualStudioVersion = 17.12.35527.113
MinimumVisualStudioVersion = 10.0.40219.1
Project("{FAE04EC0-301F-11D3-BF4B-00C04F79EFBC}") = "XPoster", "src\XPoster.csproj", "{1DE55169-2F26-4A6F-9C34-BF2F323AD40F}"
EndProject
Project("{FAE04EC0-301F-11D3-BF4B-00C04F79EFBC}") = "XPoster.Tests", "tests\XPoster.Tests.csproj", "{4CD93D7E-E307-4F1E-BE01-831C216E6F80}"
EndProject
Project("{2150E333-8FDC-42A3-9474-1A3956D46DE8}") = "Solution Items", "Solution Items", "{02EA681E-C7D8-13C7-8484-4AC65E1B71E8}"
	ProjectSection(SolutionItems) = preProject
		ARCHITECTURE.md = ARCHITECTURE.md
		CHANGELOG.md = CHANGELOG.md
		CONTRIBUTING.md = CONTRIBUTING.md
		README.md = README.md
	EndProjectSection
EndProject
Project("{2150E333-8FDC-42A3-9474-1A3956D46DE8}") = "docs", "docs", "{51F62806-2C94-4BC7-A69E-266C207AB893}"
	ProjectSection(SolutionItems) = preProject
		docs\analysis-linkedin-token-auto-refresh.md = docs\analysis-linkedin-token-auto-refresh.md
		docs\configuration.md = docs\configuration.md
		docs\deployment.md = docs\deployment.md
		docs\extending-xposter.md = docs\extending-xposter.md
		docs\getting-started.md = docs\getting-started.md
		docs\index.md = docs\index.md
		docs\monitoring.md = docs\monitoring.md
	EndProjectSection
EndProject
Project("{2150E333-8FDC-42A3-9474-1A3956D46DE8}") = "infra", "infra", "{A3B4C5D6-E7F8-9012-AB34-CD56EF789012}"
	ProjectSection(SolutionItems) = preProject
		infra\README.md = infra\README.md
		infra\main.bicep = infra\main.bicep
		infra\main.bicepparam = infra\main.bicepparam
	EndProjectSection
EndProject
Project("{2150E333-8FDC-42A3-9474-1A3956D46DE8}") = "modules", "modules", "{B4C5D6E7-F8A9-0123-BC45-DE67FA890123}"
	ProjectSection(SolutionItems) = preProject
		infra\modules\function-app.bicep = infra\modules\function-app.bicep
		infra\modules\key-vault.bicep = infra\modules\key-vault.bicep
		infra\modules\monitoring.bicep = infra\modules\monitoring.bicep
		infra\modules\storage.bicep = infra\modules\storage.bicep
	EndProjectSection
EndProject
Global
	GlobalSection(SolutionConfigurationPlatforms) = preSolution
		Debug|Any CPU = Debug|Any CPU
		Release|Any CPU = Release|Any CPU
	EndGlobalSection
	GlobalSection(ProjectConfigurationPlatforms) = postSolution
		{1DE55169-2F26-4A6F-9C34-BF2F323AD40F}.Debug|Any CPU.ActiveCfg = Debug|Any CPU
		{1DE55169-2F26-4A6F-9C34-BF2F323AD40F}.Debug|Any CPU.Build.0 = Debug|Any CPU
		{1DE55169-2F26-4A6F-9C34-BF2F323AD40F}.Release|Any CPU.ActiveCfg = Release|Any CPU
		{1DE55169-2F26-4A6F-9C34-BF2F323AD40F}.Release|Any CPU.Build.0 = Release|Any CPU
		{4CD93D7E-E307-4F1E-BE01-831C216E6F80}.Debug|Any CPU.ActiveCfg = Debug|Any CPU
		{4CD93D7E-E307-4F1E-BE01-831C216E6F80}.Debug|Any CPU.Build.0 = Debug|Any CPU
		{4CD93D7E-E307-4F1E-BE01-831C216E6F80}.Release|Any CPU.ActiveCfg = Release|Any CPU
		{4CD93D7E-E307-4F1E-BE01-831C216E6F80}.Release|Any CPU.Build.0 = Release|Any CPU
	EndGlobalSection
	GlobalSection(SolutionProperties) = preSolution
		HideSolutionNode = FALSE
	EndGlobalSection
	GlobalSection(NestedProjects) = preSolution
		{51F62806-2C94-4BC7-A69E-266C207AB893} = {02EA681E-C7D8-13C7-8484-4AC65E1B71E8}
		{A3B4C5D6-E7F8-9012-AB34-CD56EF789012} = {02EA681E-C7D8-13C7-8484-4AC65E1B71E8}
		{B4C5D6E7-F8A9-0123-BC45-DE67FA890123} = {A3B4C5D6-E7F8-9012-AB34-CD56EF789012}
	EndGlobalSection
	GlobalSection(ExtensibilityGlobals) = postSolution
		SolutionGuid = {9CCF3EE4-D229-4EAE-9A97-C48A6E280027}
	EndGlobalSection
EndGlobal
